langcode: en
status: true
dependencies:
  module:
    - social_media
  theme:
    - bartik
id: socialsharingblock
theme: bartik
region: content
weight: 9
provider: null
plugin: social_sharing_block
settings:
  id: social_sharing_block
  label: 'Share this'
  provider: social_media
  label_display: visible
visibility: {  }
